// !$*UTF8*$!
{
	archiveVersion = 1;
	classes = {
	};
	objectVersion = 46;
	objects = {

/* Begin PBXBuildFile section */
		F7EE5AB419ED73B900F15BD1 /* Foundation.framework in Frameworks */ = {isa = PBXBuildFile; fileRef = F7EE5AB319ED73B900F15BD1 /* Foundation.framework */; };
		F7EE5AB619ED73B900F15BD1 /* CoreGraphics.framework in Frameworks */ = {isa = PBXBuildFile; fileRef = F7EE5AB519ED73B900F15BD1 /* CoreGraphics.framework */; };
		F7EE5AB819ED73B900F15BD1 /* UIKit.framework in Frameworks */ = {isa = PBXBuildFile; fileRef = F7EE5AB719ED73B900F15BD1 /* UIKit.framework */; };
		F7EE5ABE19ED73B900F15BD1 /* InfoPlist.strings in Resources */ = {isa = PBXBuildFile; fileRef = F7EE5ABC19ED73B900F15BD1 /* InfoPlist.strings */; };
		F7EE5AC019ED73B900F15BD1 /* main.m in Sources */ = {isa = PBXBuildFile; fileRef = F7EE5ABF19ED73B900F15BD1 /* main.m */; };
		F7EE5AC419ED73B900F15BD1 /* AppDelegate.m in Sources */ = {isa = PBXBuildFile; fileRef = F7EE5AC319ED73B900F15BD1 /* AppDelegate.m */; };
		F7EE5AC719ED73B900F15BD1 /* Main_iPhone.storyboard in Resources */ = {isa = PBXBuildFile; fileRef = F7EE5AC519ED73B900F15BD1 /* Main_iPhone.storyboard */; };
		F7EE5ACA19ED73B900F15BD1 /* Main_iPad.storyboard in Resources */ = {isa = PBXBuildFile; fileRef = F7EE5AC819ED73B900F15BD1 /* Main_iPad.storyboard */; };
		F7EE5ACD19ED73B900F15BD1 /* ViewController.m in Sources */ = {isa = PBXBuildFile; fileRef = F7EE5ACC19ED73B900F15BD1 /* ViewController.m */; };
		F7EE5ACF19ED73B900F15BD1 /* Images.xcassets in Resources */ = {isa = PBXBuildFile; fileRef = F7EE5ACE19ED73B900F15BD1 /* Images.xcassets */; };
		F7EE5AD619ED73B900F15BD1 /* XCTest.framework in Frameworks */ = {isa = PBXBuildFile; fileRef = F7EE5AD519ED73B900F15BD1 /* XCTest.framework */; };
		F7EE5AD719ED73B900F15BD1 /* Foundation.framework in Frameworks */ = {isa = PBXBuildFile; fileRef = F7EE5AB319ED73B900F15BD1 /* Foundation.framework */; };
		F7EE5AD819ED73B900F15BD1 /* UIKit.framework in Frameworks */ = {isa = PBXBuildFile; fileRef = F7EE5AB719ED73B900F15BD1 /* UIKit.framework */; };
		F7EE5AE019ED73B900F15BD1 /* InfoPlist.strings in Resources */ = {isa = PBXBuildFile; fileRef = F7EE5ADE19ED73B900F15BD1 /* InfoPlist.strings */; };
		F7EE5AE219ED73B900F15BD1 /* testAppTests.m in Sources */ = {isa = PBXBuildFile; fileRef = F7EE5AE119ED73B900F15BD1 /* testAppTests.m */; };
/* End PBXBuildFile section */

/* Begin PBXContainerItemProxy section */
		F7EE5AD919ED73B900F15BD1 /* PBXContainerItemProxy */ = {
			isa = PBXContainerItemProxy;
			containerPortal = F7EE5AA819ED73B900F15BD1 /* Project object */;
			proxyType = 1;
			remoteGlobalIDString = F7EE5AAF19ED73B900F15BD1;
			remoteInfo = testApp;
		};
/* End PBXContainerItemProxy section */

/* Begin PBXFileReference section */
		F7EE5AB019ED73B900F15BD1 /* testApp.app */ = {isa = PBXFileReference; explicitFileType = wrapper.application; includeInIndex = 0; path = testApp.app; sourceTree = BUILT_PRODUCTS_DIR; };
		F7EE5AB319ED73B900F15BD1 /* Foundation.framework */ = {isa = PBXFileReference; lastKnownFileType = wrapper.framework; name = Foundation.framework; path = System/Library/Frameworks/Foundation.framework; sourceTree = SDKROOT; };
		F7EE5AB519ED73B900F15BD1 /* CoreGraphics.framework */ = {isa = PBXFileReference; lastKnownFileType = wrapper.framework; name = CoreGraphics.framework; path = System/Library/Frameworks/CoreGraphics.framework; sourceTree = SDKROOT; };
		F7EE5AB719ED73B900F15BD1 /* UIKit.framework */ = {isa = PBXFileReference; lastKnownFileType = wrapper.framework; name = UIKit.framework; path = System/Library/Frameworks/UIKit.framework; sourceTree = SDKROOT; };
		F7EE5ABB19ED73B900F15BD1 /* testApp-Info.plist */ = {isa = PBXFileReference; lastKnownFileType = text.plist.xml; path = "testApp-Info.plist"; sourceTree = "<group>"; };
		F7EE5ABD19ED73B900F15BD1 /* en */ = {isa = PBXFileReference; lastKnownFileType = text.plist.strings; name = en; path = en.lproj/InfoPlist.strings; sourceTree = "<group>"; };
		F7EE5ABF19ED73B900F15BD1 /* main.m */ = {isa = PBXFileReference; lastKnownFileType = sourcecode.c.objc; path = main.m; sourceTree = "<group>"; };
		F7EE5AC119ED73B900F15BD1 /* testApp-Prefix.pch */ = {isa = PBXFileReference; lastKnownFileType = sourcecode.c.h; path = "testApp-Prefix.pch"; sourceTree = "<group>"; };
		F7EE5AC219ED73B900F15BD1 /* AppDelegate.h */ = {isa = PBXFileReference; lastKnownFileType = sourcecode.c.h; path = AppDelegate.h; sourceTree = "<group>"; };
		F7EE5AC319ED73B900F15BD1 /* AppDelegate.m */ = {isa = PBXFileReference; lastKnownFileType = sourcecode.c.objc; path = AppDelegate.m; sourceTree = "<group>"; };
		F7EE5AC619ED73B900F15BD1 /* Base */ = {isa = PBXFileReference; lastKnownFileType = file.storyboard; name = Base; path = Base.lproj/Main_iPhone.storyboard; sourceTree = "<group>"; };
		F7EE5AC919ED73B900F15BD1 /* Base */ = {isa = PBXFileReference; lastKnownFileType = file.storyboard; name = Base; path = Base.lproj/Main_iPad.storyboard; sourceTree = "<group>"; };
		F7EE5ACB19ED73B900F15BD1 /* ViewController.h */ = {isa = PBXFileReference; lastKnownFileType = sourcecode.c.h; path = ViewController.h; sourceTree = "<group>"; };
		F7EE5ACC19ED73B900F15BD1 /* ViewController.m */ = {isa = PBXFileReference; lastKnownFileType = sourcecode.c.objc; path = ViewController.m; sourceTree = "<group>"; };
		F7EE5ACE19ED73B900F15BD1 /* Images.xcassets */ = {isa = PBXFileReference; lastKnownFileType = folder.assetcatalog; path = Images.xcassets; sourceTree = "<group>"; };
		F7EE5AD419ED73B900F15BD1 /* testAppTests.xctest */ = {isa = PBXFileReference; explicitFileType = wrapper.cfbundle; includeInIndex = 0; path = testAppTests.xctest; sourceTree = BUILT_PRODUCTS_DIR; };
		F7EE5AD519ED73B900F15BD1 /* XCTest.framework */ = {isa = PBXFileReference; lastKnownFileType = wrapper.framework; name = XCTest.framework; path = Library/Frameworks/XCTest.framework; sourceTree = DEVELOPER_DIR; };
		F7EE5ADD19ED73B900F15BD1 /* testAppTests-Info.plist */ = {isa = PBXFileReference; lastKnownFileType = text.plist.xml; path = "testAppTests-Info.plist"; sourceTree = "<group>"; };
		F7EE5ADF19ED73B900F15BD1 /* en */ = {isa = PBXFileReference; lastKnownFileType = text.plist.strings; name = en; path = en.lproj/InfoPlist.strings; sourceTree = "<group>"; };
		F7EE5AE119ED73B900F15BD1 /* testAppTests.m */ = {isa = PBXFileReference; lastKnownFileType = sourcecode.c.objc; path = testAppTests.m; sourceTree = "<group>"; };
/* End PBXFileReference section */

/* Begin PBXFrameworksBuildPhase section */
		F7EE5AAD19ED73B900F15BD1 /* Frameworks */ = {
			isa = PBXFrameworksBuildPhase;
			buildActionMask = 2147483647;
			files = (
				F7EE5AB619ED73B900F15BD1 /* CoreGraphics.framework in Frameworks */,
				F7EE5AB819ED73B900F15BD1 /* UIKit.framework in Frameworks */,
				F7EE5AB419ED73B900F15BD1 /* Foundation.framework in Frameworks */,
			);
			runOnlyForDeploymentPostprocessing = 0;
		};
		F7EE5AD119ED73B900F15BD1 /* Frameworks */ = {
			isa = PBXFrameworksBuildPhase;
			buildActionMask = 2147483647;
			files = (
				F7EE5AD619ED73B900F15BD1 /* XCTest.framework in Frameworks */,
				F7EE5AD819ED73B900F15BD1 /* UIKit.framework in Frameworks */,
				F7EE5AD719ED73B900F15BD1 /* Foundation.framework in Frameworks */,
			);
			runOnlyForDeploymentPostprocessing = 0;
		};
/* End PBXFrameworksBuildPhase section */

/* Begin PBXGroup section */
		F7EE5AA719ED73B900F15BD1 = {
			isa = PBXGroup;
			children = (
				F7EE5AB919ED73B900F15BD1 /* testApp */,
				F7EE5ADB19ED73B900F15BD1 /* testAppTests */,
				F7EE5AB219ED73B900F15BD1 /* Frameworks */,
				F7EE5AB119ED73B900F15BD1 /* Products */,
			);
			sourceTree = "<group>";
		};
		F7EE5AB119ED73B900F15BD1 /* Products */ = {
			isa = PBXGroup;
			children = (
				F7EE5AB019ED73B900F15BD1 /* testApp.app */,
				F7EE5AD419ED73B900F15BD1 /* testAppTests.xctest */,
			);
			name = Products;
			sourceTree = "<group>";
		};
		F7EE5AB219ED73B900F15BD1 /* Frameworks */ = {
			isa = PBXGroup;
			children = (
				F7EE5AB319ED73B900F15BD1 /* Foundation.framework */,
				F7EE5AB519ED73B900F15BD1 /* CoreGraphics.framework */,
				F7EE5AB719ED73B900F15BD1 /* UIKit.framework */,
				F7EE5AD519ED73B900F15BD1 /* XCTest.framework */,
			);
			name = Frameworks;
			sourceTree = "<group>";
		};
		F7EE5AB919ED73B900F15BD1 /* testApp */ = {
			isa = PBXGroup;
			children = (
				F7EE5AC219ED73B900F15BD1 /* AppDelegate.h */,
				F7EE5AC319ED73B900F15BD1 /* AppDelegate.m */,
				F7EE5AC519ED73B900F15BD1 /* Main_iPhone.storyboard */,
				F7EE5AC819ED73B900F15BD1 /* Main_iPad.storyboard */,
				F7EE5ACB19ED73B900F15BD1 /* ViewController.h */,
				F7EE5ACC19ED73B900F15BD1 /* ViewController.m */,
				F7EE5ACE19ED73B900F15BD1 /* Images.xcassets */,
				F7EE5ABA19ED73B900F15BD1 /* Supporting Files */,
			);
			path = testApp;
			sourceTree = "<group>";
		};
		F7EE5ABA19ED73B900F15BD1 /* Supporting Files */ = {
			isa = PBXGroup;
			children = (
				F7EE5ABB19ED73B900F15BD1 /* testApp-Info.plist */,
				F7EE5ABC19ED73B900F15BD1 /* InfoPlist.strings */,
				F7EE5ABF19ED73B900F15BD1 /* main.m */,
				F7EE5AC119ED73B900F15BD1 /* testApp-Prefix.pch */,
			);
			name = "Supporting Files";
			sourceTree = "<group>";
		};
		F7EE5ADB19ED73B900F15BD1 /* testAppTests */ = {
			isa = PBXGroup;
			children = (
				F7EE5AE119ED73B900F15BD1 /* testAppTests.m */,
				F7EE5ADC19ED73B900F15BD1 /* Supporting Files */,
			);
			path = testAppTests;
			sourceTree = "<group>";
		};
		F7EE5ADC19ED73B900F15BD1 /* Supporting Files */ = {
			isa = PBXGroup;
			children = (
				F7EE5ADD19ED73B900F15BD1 /* testAppTests-Info.plist */,
				F7EE5ADE19ED73B900F15BD1 /* InfoPlist.strings */,
			);
			name = "Supporting Files";
			sourceTree = "<group>";
		};
/* End PBXGroup section */

/* Begin PBXNativeTarget section */
		F7EE5AAF19ED73B900F15BD1 /* testApp */ = {
			isa = PBXNativeTarget;
			buildConfigurationList = F7EE5AE519ED73B900F15BD1 /* Build configuration list for PBXNativeTarget "testApp" */;
			buildPhases = (
				F7EE5AAC19ED73B900F15BD1 /* Sources */,
				F7EE5AAD19ED73B900F15BD1 /* Frameworks */,
				F7EE5AAE19ED73B900F15BD1 /* Resources */,
			);
			buildRules = (
			);
			dependencies = (
			);
			name = testApp;
			productName = testApp;
			productReference = F7EE5AB019ED73B900F15BD1 /* testApp.app */;
			productType = "com.apple.product-type.application";
		};
		F7EE5AD319ED73B900F15BD1 /* testAppTests */ = {
			isa = PBXNativeTarget;
			buildConfigurationList = F7EE5AE819ED73B900F15BD1 /* Build configuration list for PBXNativeTarget "testAppTests" */;
			buildPhases = (
				F7EE5AD019ED73B900F15BD1 /* Sources */,
				F7EE5AD119ED73B900F15BD1 /* Frameworks */,
				F7EE5AD219ED73B900F15BD1 /* Resources */,
			);
			buildRules = (
			);
			dependencies = (
				F7EE5ADA19ED73B900F15BD1 /* PBXTargetDependency */,
			);
			name = testAppTests;
			productName = testAppTests;
			productReference = F7EE5AD419ED73B900F15BD1 /* testAppTests.xctest */;
			productType = "com.apple.product-type.bundle.unit-test";
		};
/* End PBXNativeTarget section */

/* Begin PBXProject section */
		F7EE5AA819ED73B900F15BD1 /* Project object */ = {
			isa = PBXProject;
			attributes = {
				LastUpgradeCheck = 0510;
				ORGANIZATIONNAME = Spargonet;
				TargetAttributes = {
					F7EE5AD319ED73B900F15BD1 = {
						TestTargetID = F7EE5AAF19ED73B900F15BD1;
					};
				};
			};
			buildConfigurationList = F7EE5AAB19ED73B900F15BD1 /* Build configuration list for PBXProject "testApp" */;
			compatibilityVersion = "Xcode 3.2";
			developmentRegion = English;
			hasScannedForEncodings = 0;
			knownRegions = (
				en,
				Base,
			);
			mainGroup = F7EE5AA719ED73B900F15BD1;
			productRefGroup = F7EE5AB119ED73B900F15BD1 /* Products */;
			projectDirPath = "";
			projectRoot = "";
			targets = (
				F7EE5AAF19ED73B900F15BD1 /* testApp */,
				F7EE5AD319ED73B900F15BD1 /* testAppTests */,
			);
		};
/* End PBXProject section */

/* Begin PBXResourcesBuildPhase section */
		F7EE5AAE19ED73B900F15BD1 /* Resources */ = {
			isa = PBXResourcesBuildPhase;
			buildActionMask = 2147483647;
			files = (
				F7EE5ACA19ED73B900F15BD1 /* Main_iPad.storyboard in Resources */,
				F7EE5ACF19ED73B900F15BD1 /* Images.xcassets in Resources */,
				F7EE5AC719ED73B900F15BD1 /* Main_iPhone.storyboard in Resources */,
				F7EE5ABE19ED73B900F15BD1 /* InfoPlist.strings in Resources */,
			);
			runOnlyForDeploymentPostprocessing = 0;
		};
		F7EE5AD219ED73B900F15BD1 /* Resources */ = {
			isa = PBXResourcesBuildPhase;
			buildActionMask = 2147483647;
			files = (
				F7EE5AE019ED73B900F15BD1 /* InfoPlist.strings in Resources */,
			);
			runOnlyForDeploymentPostprocessing = 0;
		};
/* End PBXResourcesBuildPhase section */

/* Begin PBXSourcesBuildPhase section */
		F7EE5AAC19ED73B900F15BD1 /* Sources */ = {
			isa = PBXSourcesBuildPhase;
			buildActionMask = 2147483647;
			files = (
				F7EE5ACD19ED73B900F15BD1 /* ViewController.m in Sources */,
				F7EE5AC419ED73B900F15BD1 /* AppDelegate.m in Sources */,
				F7EE5AC019ED73B900F15BD1 /* main.m in Sources */,
			);
			runOnlyForDeploymentPostprocessing = 0;
		};
		F7EE5AD019ED73B900F15BD1 /* Sources */ = {
			isa = PBXSourcesBuildPhase;
			buildActionMask = 2147483647;
			files = (
				F7EE5AE219ED73B900F15BD1 /* testAppTests.m in Sources */,
			);
			runOnlyForDeploymentPostprocessing = 0;
		};
/* End PBXSourcesBuildPhase section */

/* Begin PBXTargetDependency section */
		F7EE5ADA19ED73B900F15BD1 /* PBXTargetDependency */ = {
			isa = PBXTargetDependency;
			target = F7EE5AAF19ED73B900F15BD1 /* testApp */;
			targetProxy = F7EE5AD919ED73B900F15BD1 /* PBXContainerItemProxy */;
		};
/* End PBXTargetDependency section */

/* Begin PBXVariantGroup section */
		F7EE5ABC19ED73B900F15BD1 /* InfoPlist.strings */ = {
			isa = PBXVariantGroup;
			children = (
				F7EE5ABD19ED73B900F15BD1 /* en */,
			);
			name = InfoPlist.strings;
			sourceTree = "<group>";
		};
		F7EE5AC519ED73B900F15BD1 /* Main_iPhone.storyboard */ = {
			isa = PBXVariantGroup;
			children = (
				F7EE5AC619ED73B900F15BD1 /* Base */,
			);
			name = Main_iPhone.storyboard;
			sourceTree = "<group>";
		};
		F7EE5AC819ED73B900F15BD1 /* Main_iPad.storyboard */ = {
			isa = PBXVariantGroup;
			children = (
				F7EE5AC919ED73B900F15BD1 /* Base */,
			);
			name = Main_iPad.storyboard;
			sourceTree = "<group>";
		};
		F7EE5ADE19ED73B900F15BD1 /* InfoPlist.strings */ = {
			isa = PBXVariantGroup;
			children = (
				F7EE5ADF19ED73B900F15BD1 /* en */,
			);
			name = InfoPlist.strings;
			sourceTree = "<group>";
		};
/* End PBXVariantGroup section */

/* Begin XCBuildConfiguration section */
		F7EE5AE319ED73B900F15BD1 /* Debug */ = {
			isa = XCBuildConfiguration;
			buildSettings = {
				ALWAYS_SEARCH_USER_PATHS = NO;
				CLANG_CXX_LANGUAGE_STANDARD = "gnu++0x";
				CLANG_CXX_LIBRARY = "libc++";
				CLANG_ENABLE_MODULES = YES;
				CLANG_ENABLE_OBJC_ARC = YES;
				CLANG_WARN_BOOL_CONVERSION = YES;
				CLANG_WARN_CONSTANT_CONVERSION = YES;
				CLANG_WARN_DIRECT_OBJC_ISA_USAGE = YES_ERROR;
				CLANG_WARN_EMPTY_BODY = YES;
				CLANG_WARN_ENUM_CONVERSION = YES;
				CLANG_WARN_INT_CONVERSION = YES;
				CLANG_WARN_OBJC_ROOT_CLASS = YES_ERROR;
				CLANG_WARN__DUPLICATE_METHOD_MATCH = YES;
				"CODE_SIGN_IDENTITY[sdk=iphoneos*]" = "iPhone Developer";
				COPY_PHASE_STRIP = NO;
				GCC_C_LANGUAGE_STANDARD = gnu99;
				GCC_DYNAMIC_NO_PIC = NO;
				GCC_OPTIMIZATION_LEVEL = 0;
				GCC_PREPROCESSOR_DEFINITIONS = (
					"DEBUG=1",
					"$(inherited)",
				);
				GCC_SYMBOLS_PRIVATE_EXTERN = NO;
				GCC_WARN_64_TO_32_BIT_CONVERSION = YES;
				GCC_WARN_ABOUT_RETURN_TYPE = YES_ERROR;
				GCC_WARN_UNDECLARED_SELECTOR = YES;
				GCC_WARN_UNINITIALIZED_AUTOS = YES_AGGRESSIVE;
				GCC_WARN_UNUSED_FUNCTION = YES;
				GCC_WARN_UNUSED_VARIABLE = YES;
				IPHONEOS_DEPLOYMENT_TARGET = 7.1;
				ONLY_ACTIVE_ARCH = YES;
				SDKROOT = iphoneos;
				TARGETED_DEVICE_FAMILY = "1,2";
			};
			name = Debug;
		};
		F7EE5AE419ED73B900F15BD1 /* Release */ = {
			isa = XCBuildConfiguration;
			buildSettings = {
				ALWAYS_SEARCH_USER_PATHS = NO;
				CLANG_CXX_LANGUAGE_STANDARD = "gnu++0x";
				CLANG_CXX_LIBRARY = "libc++";
				CLANG_ENABLE_MODULES = YES;
				CLANG_ENABLE_OBJC_ARC = YES;
				CLANG_WARN_BOOL_CONVERSION = YES;
				CLANG_WARN_CONSTANT_CONVERSION = YES;
				CLANG_WARN_DIRECT_OBJC_ISA_USAGE = YES_ERROR;
				CLANG_WARN_EMPTY_BODY = YES;
				CLANG_WARN_ENUM_CONVERSION = YES;
				CLANG_WARN_INT_CONVERSION = YES;
				CLANG_WARN_OBJC_ROOT_CLASS = YES_ERROR;
				CLANG_WARN__DUPLICATE_METHOD_MATCH = YES;
				"CODE_SIGN_IDENTITY[sdk=iphoneos*]" = "iPhone Developer";
				COPY_PHASE_STRIP = YES;
				ENABLE_NS_ASSERTIONS = NO;
				GCC_C_LANGUAGE_STANDARD = gnu99;
				GCC_WARN_64_TO_32_BIT_CONVERSION = YES;
				GCC_WARN_ABOUT_RETURN_TYPE = YES_ERROR;
				GCC_WARN_UNDECLARED_SELECTOR = YES;
				GCC_WARN_UNINITIALIZED_AUTOS = YES_AGGRESSIVE;
				GCC_WARN_UNUSED_FUNCTION = YES;
				GCC_WARN_UNUSED_VARIABLE = YES;
				IPHONEOS_DEPLOYMENT_TARGET = 7.1;
				SDKROOT = iphoneos;
				TARGETED_DEVICE_FAMILY = "1,2";
				VALIDATE_PRODUCT = YES;
			};
			name = Release;
		};
		F7EE5AE619ED73B900F15BD1 /* Debug */ = {
			isa = XCBuildConfiguration;
			buildSettings = {
				ASSETCATALOG_COMPILER_APPICON_NAME = AppIcon;
				ASSETCATALOG_COMPILER_LAUNCHIMAGE_NAME = LaunchImage;
				CODE_SIGN_IDENTITY = "iPhone Developer";
				"CODE_SIGN_IDENTITY[sdk=iphoneos*]" = "iPhone Developer: Richard Lewis (6C7V9GY45W)";
				GCC_PRECOMPILE_PREFIX_HEADER = YES;
				GCC_PREFIX_HEADER = "testApp/testApp-Prefix.pch";
				INFOPLIST_FILE = "testApp/testApp-Info.plist";
				PRODUCT_NAME = "$(TARGET_NAME)";
				PROVISIONING_PROFILE = "d8deba23-088d-4d25-86f3-b2a5c5a6ec22";
				WRAPPER_EXTENSION = app;
			};
			name = Debug;
		};
		F7EE5AE719ED73B900F15BD1 /* Release */ = {
			isa = XCBuildConfiguration;
			buildSettings = {
				ASSETCATALOG_COMPILER_APPICON_NAME = AppIcon;
				ASSETCATALOG_COMPILER_LAUNCHIMAGE_NAME = LaunchImage;
				CODE_SIGN_IDENTITY = "iPhone Distribution";
				"CODE_SIGN_IDENTITY[sdk=iphoneos*]" = "iPhone Distribution: Spargonet Consulting plc";
				GCC_PRECOMPILE_PREFIX_HEADER = YES;
				GCC_PREFIX_HEADER = "testApp/testApp-Prefix.pch";
				INFOPLIST_FILE = "testApp/testApp-Info.plist";
				PRODUCT_NAME = "$(TARGET_NAME)";
				PROVISIONING_PROFILE = "10feb6f5-409f-4928-9a29-f29958463997";
				WRAPPER_EXTENSION = app;
			};
			name = Release;
		};
		F7EE5AE919ED73B900F15BD1 /* Debug */ = {
			isa = XCBuildConfiguration;
			buildSettings = {
				BUNDLE_LOADER = "$(BUILT_PRODUCTS_DIR)/testApp.app/testApp";
				FRAMEWORK_SEARCH_PATHS = (
					"$(SDKROOT)/Developer/Library/Frameworks",
					"$(inherited)",
					"$(DEVELOPER_FRAMEWORKS_DIR)",
				);
				GCC_PRECOMPILE_PREFIX_HEADER = YES;
				GCC_PREFIX_HEADER = "testApp/testApp-Prefix.pch";
				GCC_PREPROCESSOR_DEFINITIONS = (
					"DEBUG=1",
					"$(inherited)",
				);
				INFOPLIST_FILE = "testAppTests/testAppTests-Info.plist";
				PRODUCT_NAME = "$(TARGET_NAME)";
				TEST_HOST = "$(BUNDLE_LOADER)";
				WRAPPER_EXTENSION = xctest;
			};
			name = Debug;
		};
		F7EE5AEA19ED73B900F15BD1 /* Release */ = {
			isa = XCBuildConfiguration;
			buildSettings = {
				BUNDLE_LOADER = "$(BUILT_PRODUCTS_DIR)/testApp.app/testApp";
				FRAMEWORK_SEARCH_PATHS = (
					"$(SDKROOT)/Developer/Library/Frameworks",
					"$(inherited)",
					"$(DEVELOPER_FRAMEWORKS_DIR)",
				);
				GCC_PRECOMPILE_PREFIX_HEADER = YES;
				GCC_PREFIX_HEADER = "testApp/testApp-Prefix.pch";
				INFOPLIST_FILE = "testAppTests/testAppTests-Info.plist";
				PRODUCT_NAME = "$(TARGET_NAME)";
				TEST_HOST = "$(BUNDLE_LOADER)";
				WRAPPER_EXTENSION = xctest;
			};
			name = Release;
		};
/* End XCBuildConfiguration section */

/* Begin XCConfigurationList section */
		F7EE5AAB19ED73B900F15BD1 /* Build configuration list for PBXProject "testApp" */ = {
			isa = XCConfigurationList;
			buildConfigurations = (
				F7EE5AE319ED73B900F15BD1 /* Debug */,
				F7EE5AE419ED73B900F15BD1 /* Release */,
			);
			defaultConfigurationIsVisible = 0;
			defaultConfigurationName = Release;
		};
		F7EE5AE519ED73B900F15BD1 /* Build configuration list for PBXNativeTarget "testApp" */ = {
			isa = XCConfigurationList;
			buildConfigurations = (
				F7EE5AE619ED73B900F15BD1 /* Debug */,
				F7EE5AE719ED73B900F15BD1 /* Release */,
			);
			defaultConfigurationIsVisible = 0;
		};
		F7EE5AE819ED73B900F15BD1 /* Build configuration list for PBXNativeTarget "testAppTests" */ = {
			isa = XCConfigurationList;
			buildConfigurations = (
				F7EE5AE919ED73B900F15BD1 /* Debug */,
				F7EE5AEA19ED73B900F15BD1 /* Release */,
			);
			defaultConfigurationIsVisible = 0;
		};
/* End XCConfigurationList section */
	};
	rootObject = F7EE5AA819ED73B900F15BD1 /* Project object */;
}
